
Microsoft Visual Studio Solution File, Format Version 12.00
Project("{FAE04EC0-301F-11D3-BF4B-00C04F79EFBC}") = "DataTypes", "GeonBit.UI\Libs\DataTypes\DataTypes.csproj", "{253F0489-C822-4857-B0B8-BADD3CEA6AF7}"
EndProject
Project("{FAE04EC0-301F-11D3-BF4B-00C04F79EFBC}") = "GeonBit.UI", "GeonBit.UI\GeonBit.UI.csproj", "{05ED2D11-6B25-4CE8-8B87-A3852A065DBB}"
EndProject
Global
	GlobalSection(SolutionConfigurationPlatforms) = preSolution
		Debug|Any CPU = Debug|Any CPU
		Release|Any CPU = Release|Any CPU
	EndGlobalSection
	GlobalSection(ProjectConfigurationPlatforms) = postSolution
		{253F0489-C822-4857-B0B8-BADD3CEA6AF7}.Debug|Any CPU.ActiveCfg = Debug|Any CPU
		{253F0489-C822-4857-B0B8-BADD3CEA6AF7}.Debug|Any CPU.Build.0 = Debug|Any CPU
		{253F0489-C822-4857-B0B8-BADD3CEA6AF7}.Release|Any CPU.ActiveCfg = Release|Any CPU
		{253F0489-C822-4857-B0B8-BADD3CEA6AF7}.Release|Any CPU.Build.0 = Release|Any CPU
		{05ED2D11-6B25-4CE8-8B87-A3852A065DBB}.Debug|Any CPU.ActiveCfg = Debug|Any CPU
		{05ED2D11-6B25-4CE8-8B87-A3852A065DBB}.Debug|Any CPU.Build.0 = Debug|Any CPU
		{05ED2D11-6B25-4CE8-8B87-A3852A065DBB}.Release|Any CPU.ActiveCfg = Release|Any CPU
		{05ED2D11-6B25-4CE8-8B87-A3852A065DBB}.Release|Any CPU.Build.0 = Release|Any CPU
	EndGlobalSection
EndGlobal
